
Microsoft Visual Studio Solution File, Format Version 12.00
# Visual Studio Version 16
VisualStudioVersion = 16.0.32126.315
MinimumVisualStudioVersion = 10.0.40219.1
Project("{FAE04EC0-301F-11D3-BF4B-00C04F79EFBC}") = "CalculatorGRPC", "CalculatorGRPC\CalculatorGRPC.csproj", "{DF32A782-3634-4FDD-98AB-647DB9DCD710}"
EndProject
Global
	GlobalSection(SolutionConfigurationPlatforms) = preSolution
		Debug|Any CPU = Debug|Any CPU
		Release|Any CPU = Release|Any CPU
	EndGlobalSection
	GlobalSection(ProjectConfigurationPlatforms) = postSolution
		{DF32A782-3634-4FDD-98AB-647DB9DCD710}.Debug|Any CPU.ActiveCfg = Debug|Any CPU
		{DF32A782-3634-4FDD-98AB-647DB9DCD710}.Debug|Any CPU.Build.0 = Debug|Any CPU
		{DF32A782-3634-4FDD-98AB-647DB9DCD710}.Release|Any CPU.ActiveCfg = Release|Any CPU
		{DF32A782-3634-4FDD-98AB-647DB9DCD710}.Release|Any CPU.Build.0 = Release|Any CPU
	EndGlobalSection
	GlobalSection(SolutionProperties) = preSolution
		HideSolutionNode = FALSE
	EndGlobalSection
	GlobalSection(ExtensibilityGlobals) = postSolution
		SolutionGuid = {5E04730F-66F1-4344-8E7D-74B4FD84217D}
	EndGlobalSection
EndGlobal
